
Microsoft Visual Studio Solution File, Format Version 12.00
# Visual Studio Version 17
VisualStudioVersion = 17.4.33205.214
MinimumVisualStudioVersion = 10.0.40219.1
Project("{8BC9CEB8-8B4A-11D0-8D11-00A0C91BC942}") = "RestaurantPRJCT", "RestaurantPRJCT\RestaurantPRJCT.vcxproj", "{417F9F2C-9A0B-4FEC-A165-ED84D17B8502}"
EndProject
Global
	GlobalSection(SolutionConfigurationPlatforms) = preSolution
		Debug|x64 = Debug|x64
		Debug|x86 = Debug|x86
		Release|x64 = Release|x64
		Release|x86 = Release|x86
	EndGlobalSection
	GlobalSection(ProjectConfigurationPlatforms) = postSolution
		{417F9F2C-9A0B-4FEC-A165-ED84D17B8502}.Debug|x64.ActiveCfg = Debug|x64
		{417F9F2C-9A0B-4FEC-A165-ED84D17B8502}.Debug|x64.Build.0 = Debug|x64
		{417F9F2C-9A0B-4FEC-A165-ED84D17B8502}.Debug|x86.ActiveCfg = Debug|Win32
		{417F9F2C-9A0B-4FEC-A165-ED84D17B8502}.Debug|x86.Build.0 = Debug|Win32
		{417F9F2C-9A0B-4FEC-A165-ED84D17B8502}.Release|x64.ActiveCfg = Release|x64
		{417F9F2C-9A0B-4FEC-A165-ED84D17B8502}.Release|x64.Build.0 = Release|x64
		{417F9F2C-9A0B-4FEC-A165-ED84D17B8502}.Release|x86.ActiveCfg = Release|Win32
		{417F9F2C-9A0B-4FEC-A165-ED84D17B8502}.Release|x86.Build.0 = Release|Win32
	EndGlobalSection
	GlobalSection(SolutionProperties) = preSolution
		HideSolutionNode = FALSE
	EndGlobalSection
	GlobalSection(ExtensibilityGlobals) = postSolution
		SolutionGuid = {8663E92C-40A6-430E-8AE1-2A74E60B5B39}
	EndGlobalSection
EndGlobal
